// !$*UTF8*$!
{
	archiveVersion = 1;
	classes = {
	};
	objectVersion = 50;
	objects = {

/* Begin PBXBuildFile section */
		3940168324B4CE1D00FF37AF /* AppDelegate.swift in Sources */ = {isa = PBXBuildFile; fileRef = 3940168224B4CE1D00FF37AF /* AppDelegate.swift */; };
		3940168524B4CE1D00FF37AF /* SceneDelegate.swift in Sources */ = {isa = PBXBuildFile; fileRef = 3940168424B4CE1D00FF37AF /* SceneDelegate.swift */; };
		3940168724B4CE1D00FF37AF /* MealViewController.swift in Sources */ = {isa = PBXBuildFile; fileRef = 3940168624B4CE1D00FF37AF /* MealViewController.swift */; };
		3940168A24B4CE1D00FF37AF /* Main.storyboard in Resources */ = {isa = PBXBuildFile; fileRef = 3940168824B4CE1D00FF37AF /* Main.storyboard */; };
		3940168C24B4CE1E00FF37AF /* Assets.xcassets in Resources */ = {isa = PBXBuildFile; fileRef = 3940168B24B4CE1E00FF37AF /* Assets.xcassets */; };
		3940168F24B4CE1E00FF37AF /* LaunchScreen.storyboard in Resources */ = {isa = PBXBuildFile; fileRef = 3940168D24B4CE1E00FF37AF /* LaunchScreen.storyboard */; };
		3940169A24B4CE1E00FF37AF /* FoodTrackerTests.swift in Sources */ = {isa = PBXBuildFile; fileRef = 3940169924B4CE1E00FF37AF /* FoodTrackerTests.swift */; };
		394016A524B5C85E00FF37AF /* RatingControl.swift in Sources */ = {isa = PBXBuildFile; fileRef = 394016A424B5C85E00FF37AF /* RatingControl.swift */; };
		394016A724B5F75C00FF37AF /* Meal.swift in Sources */ = {isa = PBXBuildFile; fileRef = 394016A624B5F75C00FF37AF /* Meal.swift */; };
		394016A924B601AD00FF37AF /* MealTableViewCell.swift in Sources */ = {isa = PBXBuildFile; fileRef = 394016A824B601AD00FF37AF /* MealTableViewCell.swift */; };
		394016AB24B6064700FF37AF /* MealTableViewController.swift in Sources */ = {isa = PBXBuildFile; fileRef = 394016AA24B6064700FF37AF /* MealTableViewController.swift */; };
/* End PBXBuildFile section */

/* Begin PBXContainerItemProxy section */
		3940169624B4CE1E00FF37AF /* PBXContainerItemProxy */ = {
			isa = PBXContainerItemProxy;
			containerPortal = 3940167724B4CE1D00FF37AF /* Project object */;
			proxyType = 1;
			remoteGlobalIDString = 3940167E24B4CE1D00FF37AF;
			remoteInfo = FoodTracker;
		};
/* End PBXContainerItemProxy section */

/* Begin PBXFileReference section */
		3940167F24B4CE1D00FF37AF /* FoodTracker.app */ = {isa = PBXFileReference; explicitFileType = wrapper.application; includeInIndex = 0; path = FoodTracker.app; sourceTree = BUILT_PRODUCTS_DIR; };
		3940168224B4CE1D00FF37AF /* AppDelegate.swift */ = {isa = PBXFileReference; lastKnownFileType = sourcecode.swift; path = AppDelegate.swift; sourceTree = "<group>"; };
		3940168424B4CE1D00FF37AF /* SceneDelegate.swift */ = {isa = PBXFileReference; lastKnownFileType = sourcecode.swift; path = SceneDelegate.swift; sourceTree = "<group>"; };
		3940168624B4CE1D00FF37AF /* MealViewController.swift */ = {isa = PBXFileReference; lastKnownFileType = sourcecode.swift; path = MealViewController.swift; sourceTree = "<group>"; };
		3940168924B4CE1D00FF37AF /* Base */ = {isa = PBXFileReference; lastKnownFileType = file.storyboard; name = Base; path = Base.lproj/Main.storyboard; sourceTree = "<group>"; };
		3940168B24B4CE1E00FF37AF /* Assets.xcassets */ = {isa = PBXFileReference; lastKnownFileType = folder.assetcatalog; path = Assets.xcassets; sourceTree = "<group>"; };
		3940168E24B4CE1E00FF37AF /* Base */ = {isa = PBXFileReference; lastKnownFileType = file.storyboard; name = Base; path = Base.lproj/LaunchScreen.storyboard; sourceTree = "<group>"; };
		3940169024B4CE1E00FF37AF /* Info.plist */ = {isa = PBXFileReference; lastKnownFileType = text.plist.xml; path = Info.plist; sourceTree = "<group>"; };
		3940169524B4CE1E00FF37AF /* FoodTrackerTests.xctest */ = {isa = PBXFileReference; explicitFileType = wrapper.cfbundle; includeInIndex = 0; path = FoodTrackerTests.xctest; sourceTree = BUILT_PRODUCTS_DIR; };
		3940169924B4CE1E00FF37AF /* FoodTrackerTests.swift */ = {isa = PBXFileReference; lastKnownFileType = sourcecode.swift; path = FoodTrackerTests.swift; sourceTree = "<group>"; };
		3940169B24B4CE1E00FF37AF /* Info.plist */ = {isa = PBXFileReference; lastKnownFileType = text.plist.xml; path = Info.plist; sourceTree = "<group>"; };
		394016A424B5C85E00FF37AF /* RatingControl.swift */ = {isa = PBXFileReference; lastKnownFileType = sourcecode.swift; path = RatingControl.swift; sourceTree = "<group>"; };
		394016A624B5F75C00FF37AF /* Meal.swift */ = {isa = PBXFileReference; lastKnownFileType = sourcecode.swift; path = Meal.swift; sourceTree = "<group>"; };
		394016A824B601AD00FF37AF /* MealTableViewCell.swift */ = {isa = PBXFileReference; lastKnownFileType = sourcecode.swift; path = MealTableViewCell.swift; sourceTree = "<group>"; };
		394016AA24B6064700FF37AF /* MealTableViewController.swift */ = {isa = PBXFileReference; lastKnownFileType = sourcecode.swift; path = MealTableViewController.swift; sourceTree = "<group>"; };
/* End PBXFileReference section */

/* Begin PBXFrameworksBuildPhase section */
		3940167C24B4CE1D00FF37AF /* Frameworks */ = {
			isa = PBXFrameworksBuildPhase;
			buildActionMask = 2147483647;
			files = (
			);
			runOnlyForDeploymentPostprocessing = 0;
		};
		3940169224B4CE1E00FF37AF /* Frameworks */ = {
			isa = PBXFrameworksBuildPhase;
			buildActionMask = 2147483647;
			files = (
			);
			runOnlyForDeploymentPostprocessing = 0;
		};
/* End PBXFrameworksBuildPhase section */

/* Begin PBXGroup section */
		3940167624B4CE1D00FF37AF = {
			isa = PBXGroup;
			children = (
				3940168124B4CE1D00FF37AF /* FoodTracker */,
				3940169824B4CE1E00FF37AF /* FoodTrackerTests */,
				3940168024B4CE1D00FF37AF /* Products */,
			);
			sourceTree = "<group>";
		};
		3940168024B4CE1D00FF37AF /* Products */ = {
			isa = PBXGroup;
			children = (
				3940167F24B4CE1D00FF37AF /* FoodTracker.app */,
				3940169524B4CE1E00FF37AF /* FoodTrackerTests.xctest */,
			);
			name = Products;
			sourceTree = "<group>";
		};
		3940168124B4CE1D00FF37AF /* FoodTracker */ = {
			isa = PBXGroup;
			children = (
				3940168224B4CE1D00FF37AF /* AppDelegate.swift */,
				3940168424B4CE1D00FF37AF /* SceneDelegate.swift */,
				3940168624B4CE1D00FF37AF /* MealViewController.swift */,
				394016A624B5F75C00FF37AF /* Meal.swift */,
				394016A424B5C85E00FF37AF /* RatingControl.swift */,
				3940168824B4CE1D00FF37AF /* Main.storyboard */,
				394016AA24B6064700FF37AF /* MealTableViewController.swift */,
				394016A824B601AD00FF37AF /* MealTableViewCell.swift */,
				3940168B24B4CE1E00FF37AF /* Assets.xcassets */,
				3940168D24B4CE1E00FF37AF /* LaunchScreen.storyboard */,
				3940169024B4CE1E00FF37AF /* Info.plist */,
			);
			path = FoodTracker;
			sourceTree = "<group>";
		};
		3940169824B4CE1E00FF37AF /* FoodTrackerTests */ = {
			isa = PBXGroup;
			children = (
				3940169924B4CE1E00FF37AF /* FoodTrackerTests.swift */,
				3940169B24B4CE1E00FF37AF /* Info.plist */,
			);
			path = FoodTrackerTests;
			sourceTree = "<group>";
		};
/* End PBXGroup section */

/* Begin PBXNativeTarget section */
		3940167E24B4CE1D00FF37AF /* FoodTracker */ = {
			isa = PBXNativeTarget;
			buildConfigurationList = 3940169E24B4CE1F00FF37AF /* Build configuration list for PBXNativeTarget "FoodTracker" */;
			buildPhases = (
				3940167B24B4CE1D00FF37AF /* Sources */,
				3940167C24B4CE1D00FF37AF /* Frameworks */,
				3940167D24B4CE1D00FF37AF /* Resources */,
			);
			buildRules = (
			);
			dependencies = (
			);
			name = FoodTracker;
			productName = FoodTracker;
			productReference = 3940167F24B4CE1D00FF37AF /* FoodTracker.app */;
			productType = "com.apple.product-type.application";
		};
		3940169424B4CE1E00FF37AF /* FoodTrackerTests */ = {
			isa = PBXNativeTarget;
			buildConfigurationList = 394016A124B4CE1F00FF37AF /* Build configuration list for PBXNativeTarget "FoodTrackerTests" */;
			buildPhases = (
				3940169124B4CE1E00FF37AF /* Sources */,
				3940169224B4CE1E00FF37AF /* Frameworks */,
				3940169324B4CE1E00FF37AF /* Resources */,
			);
			buildRules = (
			);
			dependencies = (
				3940169724B4CE1E00FF37AF /* PBXTargetDependency */,
			);
			name = FoodTrackerTests;
			productName = FoodTrackerTests;
			productReference = 3940169524B4CE1E00FF37AF /* FoodTrackerTests.xctest */;
			productType = "com.apple.product-type.bundle.unit-test";
		};
/* End PBXNativeTarget section */

/* Begin PBXProject section */
		3940167724B4CE1D00FF37AF /* Project object */ = {
			isa = PBXProject;
			attributes = {
				LastSwiftUpdateCheck = 1150;
				LastUpgradeCheck = 1150;
				ORGANIZATIONNAME = "Laurent Tainturier";
				TargetAttributes = {
					3940167E24B4CE1D00FF37AF = {
						CreatedOnToolsVersion = 11.5;
					};
					3940169424B4CE1E00FF37AF = {
						CreatedOnToolsVersion = 11.5;
						TestTargetID = 3940167E24B4CE1D00FF37AF;
					};
				};
			};
			buildConfigurationList = 3940167A24B4CE1D00FF37AF /* Build configuration list for PBXProject "FoodTracker" */;
			compatibilityVersion = "Xcode 9.3";
			developmentRegion = en;
			hasScannedForEncodings = 0;
			knownRegions = (
				en,
				Base,
			);
			mainGroup = 3940167624B4CE1D00FF37AF;
			productRefGroup = 3940168024B4CE1D00FF37AF /* Products */;
			projectDirPath = "";
			projectRoot = "";
			targets = (
				3940167E24B4CE1D00FF37AF /* FoodTracker */,
				3940169424B4CE1E00FF37AF /* FoodTrackerTests */,
			);
		};
/* End PBXProject section */

/* Begin PBXResourcesBuildPhase section */
		3940167D24B4CE1D00FF37AF /* Resources */ = {
			isa = PBXResourcesBuildPhase;
			buildActionMask = 2147483647;
			files = (
				3940168F24B4CE1E00FF37AF /* LaunchScreen.storyboard in Resources */,
				3940168C24B4CE1E00FF37AF /* Assets.xcassets in Resources */,
				3940168A24B4CE1D00FF37AF /* Main.storyboard in Resources */,
			);
			runOnlyForDeploymentPostprocessing = 0;
		};
		3940169324B4CE1E00FF37AF /* Resources */ = {
			isa = PBXResourcesBuildPhase;
			buildActionMask = 2147483647;
			files = (
			);
			runOnlyForDeploymentPostprocessing = 0;
		};
/* End PBXResourcesBuildPhase section */

/* Begin PBXSourcesBuildPhase section */
		3940167B24B4CE1D00FF37AF /* Sources */ = {
			isa = PBXSourcesBuildPhase;
			buildActionMask = 2147483647;
			files = (
				394016A724B5F75C00FF37AF /* Meal.swift in Sources */,
				394016A524B5C85E00FF37AF /* RatingControl.swift in Sources */,
				394016AB24B6064700FF37AF /* MealTableViewController.swift in Sources */,
				394016A924B601AD00FF37AF /* MealTableViewCell.swift in Sources */,
				3940168724B4CE1D00FF37AF /* MealViewController.swift in Sources */,
				3940168324B4CE1D00FF37AF /* AppDelegate.swift in Sources */,
				3940168524B4CE1D00FF37AF /* SceneDelegate.swift in Sources */,
			);
			runOnlyForDeploymentPostprocessing = 0;
		};
		3940169124B4CE1E00FF37AF /* Sources */ = {
			isa = PBXSourcesBuildPhase;
			buildActionMask = 2147483647;
			files = (
				3940169A24B4CE1E00FF37AF /* FoodTrackerTests.swift in Sources */,
			);
			runOnlyForDeploymentPostprocessing = 0;
		};
/* End PBXSourcesBuildPhase section */

/* Begin PBXTargetDependency section */
		3940169724B4CE1E00FF37AF /* PBXTargetDependency */ = {
			isa = PBXTargetDependency;
			target = 3940167E24B4CE1D00FF37AF /* FoodTracker */;
			targetProxy = 3940169624B4CE1E00FF37AF /* PBXContainerItemProxy */;
		};
/* End PBXTargetDependency section */

/* Begin PBXVariantGroup section */
		3940168824B4CE1D00FF37AF /* Main.storyboard */ = {
			isa = PBXVariantGroup;
			children = (
				3940168924B4CE1D00FF37AF /* Base */,
			);
			name = Main.storyboard;
			sourceTree = "<group>";
		};
		3940168D24B4CE1E00FF37AF /* LaunchScreen.storyboard */ = {
			isa = PBXVariantGroup;
			children = (
				3940168E24B4CE1E00FF37AF /* Base */,
			);
			name = LaunchScreen.storyboard;
			sourceTree = "<group>";
		};
/* End PBXVariantGroup section */

/* Begin XCBuildConfiguration section */
		3940169C24B4CE1F00FF37AF /* Debug */ = {
			isa = XCBuildConfiguration;
			buildSettings = {
				ALWAYS_SEARCH_USER_PATHS = NO;
				CLANG_ANALYZER_NONNULL = YES;
				CLANG_ANALYZER_NUMBER_OBJECT_CONVERSION = YES_AGGRESSIVE;
				CLANG_CXX_LANGUAGE_STANDARD = "gnu++14";
				CLANG_CXX_LIBRARY = "libc++";
				CLANG_ENABLE_MODULES = YES;
				CLANG_ENABLE_OBJC_ARC = YES;
				CLANG_ENABLE_OBJC_WEAK = YES;
				CLANG_WARN_BLOCK_CAPTURE_AUTORELEASING = YES;
				CLANG_WARN_BOOL_CONVERSION = YES;
				CLANG_WARN_COMMA = YES;
				CLANG_WARN_CONSTANT_CONVERSION = YES;
				CLANG_WARN_DEPRECATED_OBJC_IMPLEMENTATIONS = YES;
				CLANG_WARN_DIRECT_OBJC_ISA_USAGE = YES_ERROR;
				CLANG_WARN_DOCUMENTATION_COMMENTS = YES;
				CLANG_WARN_EMPTY_BODY = YES;
				CLANG_WARN_ENUM_CONVERSION = YES;
				CLANG_WARN_INFINITE_RECURSION = YES;
				CLANG_WARN_INT_CONVERSION = YES;
				CLANG_WARN_NON_LITERAL_NULL_CONVERSION = YES;
				CLANG_WARN_OBJC_IMPLICIT_RETAIN_SELF = YES;
				CLANG_WARN_OBJC_LITERAL_CONVERSION = YES;
				CLANG_WARN_OBJC_ROOT_CLASS = YES_ERROR;
				CLANG_WARN_RANGE_LOOP_ANALYSIS = YES;
				CLANG_WARN_STRICT_PROTOTYPES = YES;
				CLANG_WARN_SUSPICIOUS_MOVE = YES;
				CLANG_WARN_UNGUARDED_AVAILABILITY = YES_AGGRESSIVE;
				CLANG_WARN_UNREACHABLE_CODE = YES;
				CLANG_WARN__DUPLICATE_METHOD_MATCH = YES;
				COPY_PHASE_STRIP = NO;
				DEBUG_INFORMATION_FORMAT = dwarf;
				ENABLE_STRICT_OBJC_MSGSEND = YES;
				ENABLE_TESTABILITY = YES;
				GCC_C_LANGUAGE_STANDARD = gnu11;
				GCC_DYNAMIC_NO_PIC = NO;
				GCC_NO_COMMON_BLOCKS = YES;
				GCC_OPTIMIZATION_LEVEL = 0;
				GCC_PREPROCESSOR_DEFINITIONS = (
					"DEBUG=1",
					"$(inherited)",
				);
				GCC_WARN_64_TO_32_BIT_CONVERSION = YES;
				GCC_WARN_ABOUT_RETURN_TYPE = YES_ERROR;
				GCC_WARN_UNDECLARED_SELECTOR = YES;
				GCC_WARN_UNINITIALIZED_AUTOS = YES_AGGRESSIVE;
				GCC_WARN_UNUSED_FUNCTION = YES;
				GCC_WARN_UNUSED_VARIABLE = YES;
				IPHONEOS_DEPLOYMENT_TARGET = 13.5;
				MTL_ENABLE_DEBUG_INFO = INCLUDE_SOURCE;
				MTL_FAST_MATH = YES;
				ONLY_ACTIVE_ARCH = YES;
				SDKROOT = iphoneos;
				SWIFT_ACTIVE_COMPILATION_CONDITIONS = DEBUG;
				SWIFT_OPTIMIZATION_LEVEL = "-Onone";
			};
			name = Debug;
		};
		3940169D24B4CE1F00FF37AF /* Release */ = {
			isa = XCBuildConfiguration;
			buildSettings = {
				ALWAYS_SEARCH_USER_PATHS = NO;
				CLANG_ANALYZER_NONNULL = YES;
				CLANG_ANALYZER_NUMBER_OBJECT_CONVERSION = YES_AGGRESSIVE;
				CLANG_CXX_LANGUAGE_STANDARD = "gnu++14";
				CLANG_CXX_LIBRARY = "libc++";
				CLANG_ENABLE_MODULES = YES;
				CLANG_ENABLE_OBJC_ARC = YES;
				CLANG_ENABLE_OBJC_WEAK = YES;
				CLANG_WARN_BLOCK_CAPTURE_AUTORELEASING = YES;
				CLANG_WARN_BOOL_CONVERSION = YES;
				CLANG_WARN_COMMA = YES;
				CLANG_WARN_CONSTANT_CONVERSION = YES;
				CLANG_WARN_DEPRECATED_OBJC_IMPLEMENTATIONS = YES;
				CLANG_WARN_DIRECT_OBJC_ISA_USAGE = YES_ERROR;
				CLANG_WARN_DOCUMENTATION_COMMENTS = YES;
				CLANG_WARN_EMPTY_BODY = YES;
				CLANG_WARN_ENUM_CONVERSION = YES;
				CLANG_WARN_INFINITE_RECURSION = YES;
				CLANG_WARN_INT_CONVERSION = YES;
				CLANG_WARN_NON_LITERAL_NULL_CONVERSION = YES;
				CLANG_WARN_OBJC_IMPLICIT_RETAIN_SELF = YES;
				CLANG_WARN_OBJC_LITERAL_CONVERSION = YES;
				CLANG_WARN_OBJC_ROOT_CLASS = YES_ERROR;
				CLANG_WARN_RANGE_LOOP_ANALYSIS = YES;
				CLANG_WARN_STRICT_PROTOTYPES = YES;
				CLANG_WARN_SUSPICIOUS_MOVE = YES;
				CLANG_WARN_UNGUARDED_AVAILABILITY = YES_AGGRESSIVE;
				CLANG_WARN_UNREACHABLE_CODE = YES;
				CLANG_WARN__DUPLICATE_METHOD_MATCH = YES;
				COPY_PHASE_STRIP = NO;
				DEBUG_INFORMATION_FORMAT = "dwarf-with-dsym";
				ENABLE_NS_ASSERTIONS = NO;
				ENABLE_STRICT_OBJC_MSGSEND = YES;
				GCC_C_LANGUAGE_STANDARD = gnu11;
				GCC_NO_COMMON_BLOCKS = YES;
				GCC_WARN_64_TO_32_BIT_CONVERSION = YES;
				GCC_WARN_ABOUT_RETURN_TYPE = YES_ERROR;
				GCC_WARN_UNDECLARED_SELECTOR = YES;
				GCC_WARN_UNINITIALIZED_AUTOS = YES_AGGRESSIVE;
				GCC_WARN_UNUSED_FUNCTION = YES;
				GCC_WARN_UNUSED_VARIABLE = YES;
				IPHONEOS_DEPLOYMENT_TARGET = 13.5;
				MTL_ENABLE_DEBUG_INFO = NO;
				MTL_FAST_MATH = YES;
				SDKROOT = iphoneos;
				SWIFT_COMPILATION_MODE = wholemodule;
				SWIFT_OPTIMIZATION_LEVEL = "-O";
				VALIDATE_PRODUCT = YES;
			};
			name = Release;
		};
		3940169F24B4CE1F00FF37AF /* Debug */ = {
			isa = XCBuildConfiguration;
			buildSettings = {
				ASSETCATALOG_COMPILER_APPICON_NAME = AppIcon;
				CODE_SIGN_STYLE = Automatic;
				INFOPLIST_FILE = FoodTracker/Info.plist;
				LD_RUNPATH_SEARCH_PATHS = (
					"$(inherited)",
					"@executable_path/Frameworks",
				);
				PRODUCT_BUNDLE_IDENTIFIER = me.FoodTracker;
				PRODUCT_NAME = "$(TARGET_NAME)";
				SWIFT_VERSION = 5.0;
				TARGETED_DEVICE_FAMILY = "1,2";
			};
			name = Debug;
		};
		394016A024B4CE1F00FF37AF /* Release */ = {
			isa = XCBuildConfiguration;
			buildSettings = {
				ASSETCATALOG_COMPILER_APPICON_NAME = AppIcon;
				CODE_SIGN_STYLE = Automatic;
				INFOPLIST_FILE = FoodTracker/Info.plist;
				LD_RUNPATH_SEARCH_PATHS = (
					"$(inherited)",
					"@executable_path/Frameworks",
				);
				PRODUCT_BUNDLE_IDENTIFIER = me.FoodTracker;
				PRODUCT_NAME = "$(TARGET_NAME)";
				SWIFT_VERSION = 5.0;
				TARGETED_DEVICE_FAMILY = "1,2";
			};
			name = Release;
		};
		394016A224B4CE1F00FF37AF /* Debug */ = {
			isa = XCBuildConfiguration;
			buildSettings = {
				ALWAYS_EMBED_SWIFT_STANDARD_LIBRARIES = YES;
				BUNDLE_LOADER = "$(TEST_HOST)";
				CODE_SIGN_STYLE = Automatic;
				INFOPLIST_FILE = FoodTrackerTests/Info.plist;
				IPHONEOS_DEPLOYMENT_TARGET = 13.5;
				LD_RUNPATH_SEARCH_PATHS = (
					"$(inherited)",
					"@executable_path/Frameworks",
					"@loader_path/Frameworks",
				);
				PRODUCT_BUNDLE_IDENTIFIER = me.FoodTrackerTests;
				PRODUCT_NAME = "$(TARGET_NAME)";
				SWIFT_VERSION = 5.0;
				TARGETED_DEVICE_FAMILY = "1,2";
				TEST_HOST = "$(BUILT_PRODUCTS_DIR)/FoodTracker.app/FoodTracker";
			};
			name = Debug;
		};
		394016A324B4CE1F00FF37AF /* Release */ = {
			isa = XCBuildConfiguration;
			buildSettings = {
				ALWAYS_EMBED_SWIFT_STANDARD_LIBRARIES = YES;
				BUNDLE_LOADER = "$(TEST_HOST)";
				CODE_SIGN_STYLE = Automatic;
				INFOPLIST_FILE = FoodTrackerTests/Info.plist;
				IPHONEOS_DEPLOYMENT_TARGET = 13.5;
				LD_RUNPATH_SEARCH_PATHS = (
					"$(inherited)",
					"@executable_path/Frameworks",
					"@loader_path/Frameworks",
				);
				PRODUCT_BUNDLE_IDENTIFIER = me.FoodTrackerTests;
				PRODUCT_NAME = "$(TARGET_NAME)";
				SWIFT_VERSION = 5.0;
				TARGETED_DEVICE_FAMILY = "1,2";
				TEST_HOST = "$(BUILT_PRODUCTS_DIR)/FoodTracker.app/FoodTracker";
			};
			name = Release;
		};
/* End XCBuildConfiguration section */

/* Begin XCConfigurationList section */
		3940167A24B4CE1D00FF37AF /* Build configuration list for PBXProject "FoodTracker" */ = {
			isa = XCConfigurationList;
			buildConfigurations = (
				3940169C24B4CE1F00FF37AF /* Debug */,
				3940169D24B4CE1F00FF37AF /* Release */,
			);
			defaultConfigurationIsVisible = 0;
			defaultConfigurationName = Release;
		};
		3940169E24B4CE1F00FF37AF /* Build configuration list for PBXNativeTarget "FoodTracker" */ = {
			isa = XCConfigurationList;
			buildConfigurations = (
				3940169F24B4CE1F00FF37AF /* Debug */,
				394016A024B4CE1F00FF37AF /* Release */,
			);
			defaultConfigurationIsVisible = 0;
			defaultConfigurationName = Release;
		};
		394016A124B4CE1F00FF37AF /* Build configuration list for PBXNativeTarget "FoodTrackerTests" */ = {
			isa = XCConfigurationList;
			buildConfigurations = (
				394016A224B4CE1F00FF37AF /* Debug */,
				394016A324B4CE1F00FF37AF /* Release */,
			);
			defaultConfigurationIsVisible = 0;
			defaultConfigurationName = Release;
		};
/* End XCConfigurationList section */
	};
	rootObject = 3940167724B4CE1D00FF37AF /* Project object */;
}
